
Microsoft Visual Studio Solution File, Format Version 12.00
# Visual Studio Version 16
VisualStudioVersion = 16.0.31321.278
MinimumVisualStudioVersion = 10.0.40219.1
Project("{9A19103F-16F7-4668-BE54-9A1E7A4F7556}") = "NewChat", "NewChat\NewChat.csproj", "{7A8CEFDE-8EEB-46C9-A94E-88B2D99BC4B6}"
EndProject
Project("{9A19103F-16F7-4668-BE54-9A1E7A4F7556}") = "GatewayAPI", "GatewayAPI\GatewayAPI.csproj", "{8C43E017-41EE-4E35-8996-73CD3243A487}"
EndProject
Project("{9A19103F-16F7-4668-BE54-9A1E7A4F7556}") = "ReportApi", "ReportApi\ReportApi.csproj", "{517D4FE5-4A7B-4B52-B2C2-2E56A36A06C1}"
EndProject
Project("{9A19103F-16F7-4668-BE54-9A1E7A4F7556}") = "AccManagement", "AccManagement\AccManagement\AccManagement.csproj", "{254F143C-EC7C-4D35-BDCE-DF6D7CF227E1}"
EndProject
Project("{9A19103F-16F7-4668-BE54-9A1E7A4F7556}") = "Feeds", "..\..\..\source\repos\Feeds\Feeds\Feeds.csproj", "{E9FA3177-A15E-4E09-9A18-C950D8EA58E2}"
EndProject
Global
	GlobalSection(SolutionConfigurationPlatforms) = preSolution
		Debug|Any CPU = Debug|Any CPU
		Release|Any CPU = Release|Any CPU
	EndGlobalSection
	GlobalSection(ProjectConfigurationPlatforms) = postSolution
		{7A8CEFDE-8EEB-46C9-A94E-88B2D99BC4B6}.Debug|Any CPU.ActiveCfg = Debug|Any CPU
		{7A8CEFDE-8EEB-46C9-A94E-88B2D99BC4B6}.Debug|Any CPU.Build.0 = Debug|Any CPU
		{7A8CEFDE-8EEB-46C9-A94E-88B2D99BC4B6}.Release|Any CPU.ActiveCfg = Release|Any CPU
		{7A8CEFDE-8EEB-46C9-A94E-88B2D99BC4B6}.Release|Any CPU.Build.0 = Release|Any CPU
		{8C43E017-41EE-4E35-8996-73CD3243A487}.Debug|Any CPU.ActiveCfg = Debug|Any CPU
		{8C43E017-41EE-4E35-8996-73CD3243A487}.Debug|Any CPU.Build.0 = Debug|Any CPU
		{8C43E017-41EE-4E35-8996-73CD3243A487}.Release|Any CPU.ActiveCfg = Release|Any CPU
		{8C43E017-41EE-4E35-8996-73CD3243A487}.Release|Any CPU.Build.0 = Release|Any CPU
		{517D4FE5-4A7B-4B52-B2C2-2E56A36A06C1}.Debug|Any CPU.ActiveCfg = Debug|Any CPU
		{517D4FE5-4A7B-4B52-B2C2-2E56A36A06C1}.Debug|Any CPU.Build.0 = Debug|Any CPU
		{517D4FE5-4A7B-4B52-B2C2-2E56A36A06C1}.Release|Any CPU.ActiveCfg = Release|Any CPU
		{517D4FE5-4A7B-4B52-B2C2-2E56A36A06C1}.Release|Any CPU.Build.0 = Release|Any CPU
		{254F143C-EC7C-4D35-BDCE-DF6D7CF227E1}.Debug|Any CPU.ActiveCfg = Debug|Any CPU
		{254F143C-EC7C-4D35-BDCE-DF6D7CF227E1}.Debug|Any CPU.Build.0 = Debug|Any CPU
		{254F143C-EC7C-4D35-BDCE-DF6D7CF227E1}.Release|Any CPU.ActiveCfg = Release|Any CPU
		{254F143C-EC7C-4D35-BDCE-DF6D7CF227E1}.Release|Any CPU.Build.0 = Release|Any CPU
		{E9FA3177-A15E-4E09-9A18-C950D8EA58E2}.Debug|Any CPU.ActiveCfg = Debug|Any CPU
		{E9FA3177-A15E-4E09-9A18-C950D8EA58E2}.Debug|Any CPU.Build.0 = Debug|Any CPU
		{E9FA3177-A15E-4E09-9A18-C950D8EA58E2}.Release|Any CPU.ActiveCfg = Release|Any CPU
		{E9FA3177-A15E-4E09-9A18-C950D8EA58E2}.Release|Any CPU.Build.0 = Release|Any CPU
	EndGlobalSection
	GlobalSection(SolutionProperties) = preSolution
		HideSolutionNode = FALSE
	EndGlobalSection
	GlobalSection(ExtensibilityGlobals) = postSolution
		SolutionGuid = {829D5FDB-EA0A-4E68-8B1D-24105943EDD2}
	EndGlobalSection
EndGlobal
